github.com/google/go-cmp v0.5.2 h1:X2ev0eStA3AbceY54o37/0PQ/UWqKEiiO2dKL5OPaFM=
github.com/google/go-cmp v0.5.2/go.mod h1:v8dTdLbMG2kIc/vJvl+f65V22dbkXbowE6jgT/gNBxE=
github.com/leep-frog/cli v0.0.0-20200930232322-706bd2fc7b1a h1:08EW9TfoHOzam58AYni8Y1zB+Lx/zXplgjj2rBRk/nc=
github.com/leep-frog/cli v0.0.0-20200930232322-706bd2fc7b1a/go.mod h1:nAzQglxMhDGhOb9FI78aIZARfRb73m8XB8te/z38M5E=
golang.org/x/xerrors v0.0.0-20191204190536-9bdfabe68543/go.mod h1:I/5z698sn9Ka8TeJc9MKroUUfqBBauWjQqLJ2OPfmY0=
