github.com/codegangsta/inject v0.0.0-20150114235600-33e0aa1cb7c0 h1:sDMmm+q/3+BukdIpxwO365v/Rbspp2Nt5XntgQRXq8Q=
github.com/codegangsta/inject v0.0.0-20150114235600-33e0aa1cb7c0/go.mod h1:4Zcjuz89kmFXt9morQgcfYZAYZ5n8WHjt81YYWIwtTM=
github.com/codeskyblue/go-sh v0.0.0-20200712050446-30169cf553fe h1:69JI97HlzP+PH5Mi1thcGlDoBr6PS2Oe+l3mNmAkbs4=
github.com/codeskyblue/go-sh v0.0.0-20200712050446-30169cf553fe/go.mod h1:VQx0hjo2oUeQkQUET7wRwradO6f+fN5jzXgB/zROxxE=
github.com/google/go-cmp v0.5.5 h1:Khx7svrCpmxxtHBq5j2mp/xVjsi8hQMfNLvJFAlrGgU=
github.com/google/go-cmp v0.5.5/go.mod h1:v8dTdLbMG2kIc/vJvl+f65V22dbkXbowE6jgT/gNBxE=
github.com/google/go-cmp v0.5.8 h1:e6P7q2lk1O+qJJb4BtCQXlK8vWEO8V1ZeuEdJNOqZyg=
github.com/google/go-cmp v0.5.8/go.mod h1:17dUlkBOakJ0+DkrSSNjCkIjxS6bF9zb3elmeNGIjoY=
github.com/google/uuid v1.4.0 h1:MtMxsa51/r9yyhkyLsVeVt0B+BGQZzpQiTQ4eHZ8bc4=
github.com/google/uuid v1.4.0/go.mod h1:TIyPZe4MgqvfeYDBFedMoGGpEw/LqOeaOT+nhxU+yHo=
github.com/leep-frog/command v0.0.0-20220526151014-aa1ee03979ad h1:NdC90jFXcYGV2m9u54P9lG6at8USY3/3RfhDd1xa3ac=
github.com/leep-frog/command v0.0.0-20220526151014-aa1ee03979ad/go.mod h1:fENOaVkhnQ/AKhBy7Pbkpd2l65h9R5ZQEspLn6bjNIE=
github.com/leep-frog/command v0.0.0-20220529184927-b1b2ed676f3a h1:OHpOh6VIjl3xF66M1yVFVlwcFf3fIcx8mUG+Q8yGWkA=
github.com/leep-frog/command v0.0.0-20220529184927-b1b2ed676f3a/go.mod h1:fENOaVkhnQ/AKhBy7Pbkpd2l65h9R5ZQEspLn6bjNIE=
github.com/leep-frog/command v0.0.0-20220619235513-376698484ddb h1:L/NhcEL1FVuhgUL2MI1YVl3vYspL/sh56BkMaoFjQkQ=
github.com/leep-frog/command v0.0.0-20220619235513-376698484ddb/go.mod h1:Rd1Wj9R6mxmO2cPMosUt72SwGFr68HOdykDbwVMwWE4=
github.com/leep-frog/command v0.0.0-20220620122158-5dcc065e4509 h1:XCo1WbLB/inKMb9cau8H2acb21NnfZGXHcCWNeHyiOI=
github.com/leep-frog/command v0.0.0-20220620122158-5dcc065e4509/go.mod h1:Rd1Wj9R6mxmO2cPMosUt72SwGFr68HOdykDbwVMwWE4=
github.com/leep-frog/command v0.0.0-20220620122925-6d423a9af212 h1:xYNj6FfHiHTCSX1AEfpUmY4SG7VPkGTW3b+BlypD9eQ=
github.com/leep-frog/command v0.0.0-20220620122925-6d423a9af212/go.mod h1:Rd1Wj9R6mxmO2cPMosUt72SwGFr68HOdykDbwVMwWE4=
github.com/leep-frog/command v0.0.0-20220702192851-9c83a81e230f h1:JxAaReaLN0dOS+tpO7VAc1LPpC1ejXAHM1kZgckOKps=
github.com/leep-frog/command v0.0.0-20220702192851-9c83a81e230f/go.mod h1:Rd1Wj9R6mxmO2cPMosUt72SwGFr68HOdykDbwVMwWE4=
github.com/leep-frog/command v0.0.0-20220703003206-38c5f98782cb h1:I19W0IvbXvg0MpXR6eLU0ymC78Gk8+6QakPTNN9LaYI=
github.com/leep-frog/command v0.0.0-20220703003206-38c5f98782cb/go.mod h1:Rd1Wj9R6mxmO2cPMosUt72SwGFr68HOdykDbwVMwWE4=
github.com/leep-frog/command v0.0.0-20220820035330-c356b6c0031c h1:DGPuoZ8I2ea0mSoJpAeD3VoveCz/t1Ksvvsi2T0EbBg=
github.com/leep-frog/command v0.0.0-20220820035330-c356b6c0031c/go.mod h1:Rd1Wj9R6mxmO2cPMosUt72SwGFr68HOdykDbwVMwWE4=
github.com/leep-frog/command v0.0.0-20220913175955-ecdd7a1059e5 h1:4C9Q+SWaIjMu5a0w5kfw0/Xwte44KxGUZSuqy71yIM4=
github.com/leep-frog/command v0.0.0-20220913175955-ecdd7a1059e5/go.mod h1:Rd1Wj9R6mxmO2cPMosUt72SwGFr68HOdykDbwVMwWE4=
github.com/leep-frog/command v0.0.0-20230130194339-5192720eb044 h1:3kgCI/oXKrpm8XNISnhd/tLwI1tcNM5xes/8y9SKs1Y=
github.com/leep-frog/command v0.0.0-20230130194339-5192720eb044/go.mod h1:Rd1Wj9R6mxmO2cPMosUt72SwGFr68HOdykDbwVMwWE4=
github.com/leep-frog/command v0.0.0-20230201152427-33dee6ca6e87 h1:EXM2PkZGIyGsGy+KOjgnPDHNuuTFRoMj8tgSb9CujW8=
github.com/leep-frog/command v0.0.0-20230201152427-33dee6ca6e87/go.mod h1:Rd1Wj9R6mxmO2cPMosUt72SwGFr68HOdykDbwVMwWE4=
github.com/leep-frog/command v0.0.0-20230323151321-e9006a7341f0 h1:uQl5ZFcT10Rm1P8eMEo/TcZ1iT7ZO2yRSyggEN7hUPk=
github.com/leep-frog/command v0.0.0-20230323151321-e9006a7341f0/go.mod h1:nnUXeUudB6nssW6tQa3R64YK2ybnnRA11Wd0Gc2a5iA=
github.com/leep-frog/command v0.0.0-20230323153315-df71455ea972 h1:o7BALkLCyYbOyYrjUhSM1WnO5llJ0zncUBoxpiPV9/I=
github.com/leep-frog/command v0.0.0-20230323153315-df71455ea972/go.mod h1:nnUXeUudB6nssW6tQa3R64YK2ybnnRA11Wd0Gc2a5iA=
github.com/leep-frog/command v0.0.0-20230323154117-ade3955c3f7c h1:j3xNe560ang6bZ9FioXYB5vdtFGe0/IGkWP1n69sSBQ=
github.com/leep-frog/command v0.0.0-20230323154117-ade3955c3f7c/go.mod h1:nnUXeUudB6nssW6tQa3R64YK2ybnnRA11Wd0Gc2a5iA=
github.com/leep-frog/command v0.0.0-20230323154337-4156d88920b6 h1:8fAspI+rHotBLQfxL6mdvE6i7R+7+bfv3g1f2ez4AnA=
github.com/leep-frog/command v0.0.0-20230323154337-4156d88920b6/go.mod h1:nnUXeUudB6nssW6tQa3R64YK2ybnnRA11Wd0Gc2a5iA=
github.com/leep-frog/command v0.0.0-20230323155433-99c6bc9a602b h1:oOVAUjq7ZML0bluE8OZd31IfaRgxILACAqqC07B00EE=
github.com/leep-frog/command v0.0.0-20230323155433-99c6bc9a602b/go.mod h1:nnUXeUudB6nssW6tQa3R64YK2ybnnRA11Wd0Gc2a5iA=
github.com/leep-frog/command v0.0.0-20230323164716-71ced8219bfe h1:n/5HvTd5uE50luMNw2EsVdrxGh7I/hNvpFl/B8mZ8ds=
github.com/leep-frog/command v0.0.0-20230323164716-71ced8219bfe/go.mod h1:nnUXeUudB6nssW6tQa3R64YK2ybnnRA11Wd0Gc2a5iA=
github.com/leep-frog/command v0.0.0-20230323165126-19cd3ea0864d h1:/E+M0K2XWY9HjH6C1bmdBpXENeuK55vBWW93GrUb84w=
github.com/leep-frog/command v0.0.0-20230323165126-19cd3ea0864d/go.mod h1:nnUXeUudB6nssW6tQa3R64YK2ybnnRA11Wd0Gc2a5iA=
github.com/leep-frog/command v0.0.0-20230410195058-a74450a1b668 h1:7A6SpeSqhl3e09MgmxuaSlmp02jaSfeNd3wfzMU9VGQ=
github.com/leep-frog/command v0.0.0-20230410195058-a74450a1b668/go.mod h1:nnUXeUudB6nssW6tQa3R64YK2ybnnRA11Wd0Gc2a5iA=
github.com/leep-frog/command v0.0.0-20230412185858-b543776e9cf8 h1:cuWDUFPUqvyvsD8W4loEBTueM/Pal457ATS91mS0Mt0=
github.com/leep-frog/command v0.0.0-20230412185858-b543776e9cf8/go.mod h1:nnUXeUudB6nssW6tQa3R64YK2ybnnRA11Wd0Gc2a5iA=
github.com/leep-frog/command v0.0.0-20230417002706-0437340074dd h1:YWcE/hmQF5GxouNMUjorgjy8XJ/YuQN+s+ReAcG/3Cc=
github.com/leep-frog/command v0.0.0-20230417002706-0437340074dd/go.mod h1:nnUXeUudB6nssW6tQa3R64YK2ybnnRA11Wd0Gc2a5iA=
github.com/leep-frog/command v0.0.0-20230417013802-ec99e1b8bae5 h1:S5oOVk7QzGZnbHfuBZ1pQJBR4b0w7Hv8S0TeiqjU5Mk=
github.com/leep-frog/command v0.0.0-20230417013802-ec99e1b8bae5/go.mod h1:nnUXeUudB6nssW6tQa3R64YK2ybnnRA11Wd0Gc2a5iA=
github.com/leep-frog/command v0.0.0-20230417014109-4b9545ee64b1 h1:VAqeQ/wj+tW3201+lMWSqD6h2w8un//NXA5mvaagvmc=
github.com/leep-frog/command v0.0.0-20230417014109-4b9545ee64b1/go.mod h1:nnUXeUudB6nssW6tQa3R64YK2ybnnRA11Wd0Gc2a5iA=
github.com/leep-frog/command v0.0.0-20230417014226-fd843632c2e3 h1:syl8TABDBPGvi0xOFoEN7L6QVSMIcu+OFbl2GWo2QB4=
github.com/leep-frog/command v0.0.0-20230417014226-fd843632c2e3/go.mod h1:nnUXeUudB6nssW6tQa3R64YK2ybnnRA11Wd0Gc2a5iA=
github.com/leep-frog/command v0.0.0-20230417014453-8a9ada4aa81b h1:XKAAS0hrT07gnjXDNkbDKDeVUS4sI56kHZuGWUSrNKc=
github.com/leep-frog/command v0.0.0-20230417014453-8a9ada4aa81b/go.mod h1:nnUXeUudB6nssW6tQa3R64YK2ybnnRA11Wd0Gc2a5iA=
github.com/leep-frog/command v0.0.0-20230417014623-3b6c7c4a0dde h1:iZ9IeD6CV75cAbj6XYr+Lj5qKwcpSjsI9ATKxKR1Low=
github.com/leep-frog/command v0.0.0-20230417014623-3b6c7c4a0dde/go.mod h1:nnUXeUudB6nssW6tQa3R64YK2ybnnRA11Wd0Gc2a5iA=
github.com/leep-frog/command v0.0.0-20230417021257-72488343bb86 h1:Qt/KBDTvMRa6yHQBd10tQWGHMRpPYj46kQrS/j+GjZY=
github.com/leep-frog/command v0.0.0-20230417021257-72488343bb86/go.mod h1:nnUXeUudB6nssW6tQa3R64YK2ybnnRA11Wd0Gc2a5iA=
github.com/leep-frog/command v0.0.0-20230417144055-357781ec02ba h1:M667iUYDB+jFfMngHGXTRhM761gWDleTtC9UExrmG7M=
github.com/leep-frog/command v0.0.0-20230417144055-357781ec02ba/go.mod h1:nnUXeUudB6nssW6tQa3R64YK2ybnnRA11Wd0Gc2a5iA=
github.com/leep-frog/command v0.0.0-20231114183500-a3d2ef85df58 h1:zgPOiM+vW7zimVc8sjcJyFllQLM2aYq8Pu2VXIiAg+w=
github.com/leep-frog/command v0.0.0-20231114183500-a3d2ef85df58/go.mod h1:uOueA4MNFozqwP04FIPFE4kw866MyPWyneSMjSut4aA=
github.com/leep-frog/command v0.0.0-20231114190027-1df67f5e6f06 h1:WYyp7lZENDgdLeISQL0800acbR74+vyEPumu47oUZ3M=
github.com/leep-frog/command v0.0.0-20231114190027-1df67f5e6f06/go.mod h1:uOueA4MNFozqwP04FIPFE4kw866MyPWyneSMjSut4aA=
github.com/leep-frog/command v0.0.0-20231114214332-53b5cbb26228 h1:tgM/HpYyb0i0cx3kChvG62FN7eLI/oS6ULJLojPqbyM=
github.com/leep-frog/command v0.0.0-20231114214332-53b5cbb26228/go.mod h1:uOueA4MNFozqwP04FIPFE4kw866MyPWyneSMjSut4aA=
github.com/leep-frog/command v0.0.0-20231203030154-b50fdf2cbe49 h1:5RfBfig5nK+/IvdHU3qawgx1u0N5HL6ydMEqpI6yfeg=
github.com/leep-frog/command v0.0.0-20231203030154-b50fdf2cbe49/go.mod h1:uOueA4MNFozqwP04FIPFE4kw866MyPWyneSMjSut4aA=
github.com/leep-frog/command v0.0.0-20231213002627-029dc4e3e0b3 h1:k0FJzq0huu7KO8NvZfGKs/sw+1gzoEC/YJFuG2VCav8=
github.com/leep-frog/command v0.0.0-20231213002627-029dc4e3e0b3/go.mod h1:uOueA4MNFozqwP04FIPFE4kw866MyPWyneSMjSut4aA=
github.com/leep-frog/command v0.0.0-20231213003546-19c1fec25a5d h1:b4D60m6jUBETQ+/1XO4PzlLDdNJryrKdKEklzy+5554=
github.com/leep-frog/command v0.0.0-20231213003546-19c1fec25a5d/go.mod h1:uOueA4MNFozqwP04FIPFE4kw866MyPWyneSMjSut4aA=
golang.org/x/exp v0.0.0-20220321124402-2d6d886f8a82 h1:P3h2IfqHFILVjDaCKXyuKMprdEyIbrbKevbf2EB6lQI=
golang.org/x/exp v0.0.0-20220321124402-2d6d886f8a82/go.mod h1:lgLbSvA5ygNOMpwM/9anMpWVlVJ7Z+cHWq/eFuinpGE=
golang.org/x/exp v0.0.0-20231006140011-7918f672742d h1:jtJma62tbqLibJ5sFQz8bKtEM8rJBtfilJ2qTU199MI=
golang.org/x/exp v0.0.0-20231006140011-7918f672742d/go.mod h1:ldy0pHrwJyGW56pPQzzkH36rKxoZW1tw7ZJpeKx+hdo=
golang.org/x/xerrors v0.0.0-20191204190536-9bdfabe68543/go.mod h1:I/5z698sn9Ka8TeJc9MKroUUfqBBauWjQqLJ2OPfmY0=
golang.org/x/xerrors v0.0.0-20200804184101-5ec99f83aff1 h1:go1bK/D/BFZV2I8cIQd1NKEZ+0owSTG1fDTci4IqFcE=
golang.org/x/xerrors v0.0.0-20200804184101-5ec99f83aff1/go.mod h1:I/5z698sn9Ka8TeJc9MKroUUfqBBauWjQqLJ2OPfmY0=
